
Microsoft Visual Studio Solution File, Format Version 12.00
# Visual Studio 15
VisualStudioVersion = 15.0.27130.2036
MinimumVisualStudioVersion = 10.0.40219.1
Project("{FAE04EC0-301F-11D3-BF4B-00C04F79EFBC}") = "ThemeSwitcher", "ThemeSwitcher\ThemeSwitcher.csproj", "{A2E0BCFF-3C50-4656-A4F7-004E5275A013}"
EndProject
Global
	GlobalSection(SolutionConfigurationPlatforms) = preSolution
		Debug|Any CPU = Debug|Any CPU
		Release|Any CPU = Release|Any CPU
	EndGlobalSection
	GlobalSection(ProjectConfigurationPlatforms) = postSolution
		{A2E0BCFF-3C50-4656-A4F7-004E5275A013}.Debug|Any CPU.ActiveCfg = Debug|Any CPU
		{A2E0BCFF-3C50-4656-A4F7-004E5275A013}.Debug|Any CPU.Build.0 = Debug|Any CPU
		{A2E0BCFF-3C50-4656-A4F7-004E5275A013}.Release|Any CPU.ActiveCfg = Release|Any CPU
		{A2E0BCFF-3C50-4656-A4F7-004E5275A013}.Release|Any CPU.Build.0 = Release|Any CPU
	EndGlobalSection
	GlobalSection(SolutionProperties) = preSolution
		HideSolutionNode = FALSE
	EndGlobalSection
	GlobalSection(ExtensibilityGlobals) = postSolution
		SolutionGuid = {4706437A-EAA6-4592-89F3-12D51A2B5D0D}
	EndGlobalSection
EndGlobal
